
Microsoft Visual Studio Solution File, Format Version 12.00
# Visual Studio 15
VisualStudioVersion = 15.0.28307.1321
MinimumVisualStudioVersion = 10.0.40219.1
Project("{9A19103F-16F7-4668-BE54-9A1E7A4F7556}") = "OrderProcessingEngine", "OrderProcessingEngine\OrderProcessingEngine.csproj", "{E60BD23E-DDC4-41BD-8B15-3006CDC438E8}"
EndProject
Project("{9A19103F-16F7-4668-BE54-9A1E7A4F7556}") = "OrderProcessingEngine.Models", "OrderProcessingEngine.Models\OrderProcessingEngine.Models.csproj", "{46D3B9C6-23FC-4F57-A9F0-C75D6A62635F}"
EndProject
Project("{9A19103F-16F7-4668-BE54-9A1E7A4F7556}") = "OrderProcessingEngine.Data", "OrderProcessingEngine.Data\OrderProcessingEngine.Data.csproj", "{2594992C-2023-4D79-A65E-3D0E929EACCE}"
EndProject
Project("{FAE04EC0-301F-11D3-BF4B-00C04F79EFBC}") = "OrderProcessingEngine.BusinessLogic", "OrderProcessingEngine.BusinessLogic\OrderProcessingEngine.BusinessLogic.csproj", "{587ACFC2-9089-4F6E-82BC-32DBD018D82F}"
EndProject
Global
	GlobalSection(SolutionConfigurationPlatforms) = preSolution
		Debug|Any CPU = Debug|Any CPU
		Release|Any CPU = Release|Any CPU
	EndGlobalSection
	GlobalSection(ProjectConfigurationPlatforms) = postSolution
		{E60BD23E-DDC4-41BD-8B15-3006CDC438E8}.Debug|Any CPU.ActiveCfg = Debug|Any CPU
		{E60BD23E-DDC4-41BD-8B15-3006CDC438E8}.Debug|Any CPU.Build.0 = Debug|Any CPU
		{E60BD23E-DDC4-41BD-8B15-3006CDC438E8}.Release|Any CPU.ActiveCfg = Release|Any CPU
		{E60BD23E-DDC4-41BD-8B15-3006CDC438E8}.Release|Any CPU.Build.0 = Release|Any CPU
		{46D3B9C6-23FC-4F57-A9F0-C75D6A62635F}.Debug|Any CPU.ActiveCfg = Debug|Any CPU
		{46D3B9C6-23FC-4F57-A9F0-C75D6A62635F}.Debug|Any CPU.Build.0 = Debug|Any CPU
		{46D3B9C6-23FC-4F57-A9F0-C75D6A62635F}.Release|Any CPU.ActiveCfg = Release|Any CPU
		{46D3B9C6-23FC-4F57-A9F0-C75D6A62635F}.Release|Any CPU.Build.0 = Release|Any CPU
		{2594992C-2023-4D79-A65E-3D0E929EACCE}.Debug|Any CPU.ActiveCfg = Debug|Any CPU
		{2594992C-2023-4D79-A65E-3D0E929EACCE}.Debug|Any CPU.Build.0 = Debug|Any CPU
		{2594992C-2023-4D79-A65E-3D0E929EACCE}.Release|Any CPU.ActiveCfg = Release|Any CPU
		{2594992C-2023-4D79-A65E-3D0E929EACCE}.Release|Any CPU.Build.0 = Release|Any CPU
		{587ACFC2-9089-4F6E-82BC-32DBD018D82F}.Debug|Any CPU.ActiveCfg = Debug|Any CPU
		{587ACFC2-9089-4F6E-82BC-32DBD018D82F}.Debug|Any CPU.Build.0 = Debug|Any CPU
		{587ACFC2-9089-4F6E-82BC-32DBD018D82F}.Release|Any CPU.ActiveCfg = Release|Any CPU
		{587ACFC2-9089-4F6E-82BC-32DBD018D82F}.Release|Any CPU.Build.0 = Release|Any CPU
	EndGlobalSection
	GlobalSection(SolutionProperties) = preSolution
		HideSolutionNode = FALSE
	EndGlobalSection
	GlobalSection(ExtensibilityGlobals) = postSolution
		SolutionGuid = {960691E5-C446-4B1B-9D2C-B7C42B3E45E9}
	EndGlobalSection
EndGlobal
